
Microsoft Visual Studio Solution File, Format Version 12.00
# Visual Studio Version 16
VisualStudioVersion = 16.0.30711.63
MinimumVisualStudioVersion = 10.0.40219.1
Project("{FAE04EC0-301F-11D3-BF4B-00C04F79EFBC}") = "ThucHanh", "ThucHanh\ThucHanh.csproj", "{098A86E0-3530-480C-B2F3-4B95288AA8A8}"
EndProject
Project("{FAE04EC0-301F-11D3-BF4B-00C04F79EFBC}") = "Bai2", "Bai2\Bai2.csproj", "{13C11927-B6F1-49B2-9E01-3F090BB4FE5E}"
EndProject
Global
	GlobalSection(SolutionConfigurationPlatforms) = preSolution
		Debug|Any CPU = Debug|Any CPU
		Release|Any CPU = Release|Any CPU
	EndGlobalSection
	GlobalSection(ProjectConfigurationPlatforms) = postSolution
		{098A86E0-3530-480C-B2F3-4B95288AA8A8}.Debug|Any CPU.ActiveCfg = Debug|Any CPU
		{098A86E0-3530-480C-B2F3-4B95288AA8A8}.Debug|Any CPU.Build.0 = Debug|Any CPU
		{098A86E0-3530-480C-B2F3-4B95288AA8A8}.Release|Any CPU.ActiveCfg = Release|Any CPU
		{098A86E0-3530-480C-B2F3-4B95288AA8A8}.Release|Any CPU.Build.0 = Release|Any CPU
		{13C11927-B6F1-49B2-9E01-3F090BB4FE5E}.Debug|Any CPU.ActiveCfg = Debug|Any CPU
		{13C11927-B6F1-49B2-9E01-3F090BB4FE5E}.Debug|Any CPU.Build.0 = Debug|Any CPU
		{13C11927-B6F1-49B2-9E01-3F090BB4FE5E}.Release|Any CPU.ActiveCfg = Release|Any CPU
		{13C11927-B6F1-49B2-9E01-3F090BB4FE5E}.Release|Any CPU.Build.0 = Release|Any CPU
	EndGlobalSection
	GlobalSection(SolutionProperties) = preSolution
		HideSolutionNode = FALSE
	EndGlobalSection
	GlobalSection(ExtensibilityGlobals) = postSolution
		SolutionGuid = {FC4216C1-3110-4006-9941-08DFF7856CAA}
	EndGlobalSection
EndGlobal
